{
  "name": "hapi-mongoose-template",
  "version": "0.0.1",
  "lockfileVersion": 1,
  "dependencies": {
    "accept": {
      "version": "http://r.cnpmjs.org/accept/download/accept-2.1.4.tgz",
      "integrity": "sha1-iHr1TO7lx/RDBGGXHsQAxh0JrLs="
    },
    "amdefine": {
      "version": "https://registry.npmjs.org/amdefine/-/amdefine-1.0.1.tgz",
      "integrity": "sha1-SlKCrBZHKek2Gbz9OtFR+BfOkfU="
    },
    "ammo": {
      "version": "http://r.cnpmjs.org/ammo/download/ammo-2.0.4.tgz",
      "integrity": "sha1-v4CqshFpjqePY+9efxE91dnokX8="
    },
    "async": {
      "version": "https://registry.npm.taobao.org/async/download/async-2.4.1.tgz",
      "integrity": "sha1-YqVrJ5yYoR0JhwlqAcw+6463u9c="
    },
    "axios": {
      "version": "0.16.2",
      "resolved": "http://r.cnpmjs.org/axios/download/axios-0.16.2.tgz",
      "integrity": "sha1-uk+S8XFn37q0CYN4VFS5rBScPG0="
    },
    "b64": {
      "version": "https://registry.npmjs.org/b64/-/b64-3.0.2.tgz",
      "integrity": "sha1-ep1gRmrfe43hFMvfZRpf38yQiU0="
    },
    "balanced-match": {
      "version": "http://r.cnpmjs.org/balanced-match/download/balanced-match-1.0.0.tgz",
      "integrity": "sha1-ibTRmasr7kneFk6gK4nORi1xt2c="
    },
    "bluebird": {
      "version": "https://registry.npmjs.org/bluebird/-/bluebird-3.5.0.tgz",
      "integrity": "sha1-eRQg1/VR7qKJdFOop3ZT+WYG1nw="
    },
    "boom": {
      "version": "http://r.cnpmjs.org/boom/download/boom-5.1.0.tgz",
      "integrity": "sha1-Awj6jpJM1tQtnDv0iDvcmPDnHfg="
    },
    "brace-expansion": {
      "version": "http://r.cnpmjs.org/brace-expansion/download/brace-expansion-1.1.8.tgz",
      "integrity": "sha1-wHshHHyVLsH479Uad+8NHTmQopI="
    },
    "bson": {
      "version": "https://registry.npmjs.org/bson/-/bson-1.0.4.tgz",
      "integrity": "sha1-k8ENOeqltYQVy8QFLz5T5WKwtyw="
    },
    "buffer-shims": {
      "version": "https://registry.npm.taobao.org/buffer-shims/download/buffer-shims-1.0.0.tgz",
      "integrity": "sha1-mXjOMXOIxkmth5MCjDR37wRKi1E="
    },
    "call": {
      "version": "http://r.cnpmjs.org/call/download/call-4.0.2.tgz",
      "integrity": "sha1-33b19R7o3Ui4VqyEAPfmnm1zmcQ="
    },
    "camelcase": {
      "version": "https://registry.npmjs.org/camelcase/-/camelcase-1.2.1.tgz",
      "integrity": "sha1-m7UwTS4LVmmLLHWLCKPqqdqlijk="
    },
    "catbox": {
      "version": "http://r.cnpmjs.org/catbox/download/catbox-7.1.4.tgz",
      "integrity": "sha1-ipUO0YtkuoCIwa4TLoXFhHnStsw="
    },
    "catbox-memory": {
      "version": "https://registry.npmjs.org/catbox-memory/-/catbox-memory-2.0.4.tgz",
      "integrity": "sha1-Qz4lWQLK9UIz0ShkKcj03xToItU="
    },
    "catbox-mongodb": {
      "version": "https://registry.npmjs.org/catbox-mongodb/-/catbox-mongodb-3.0.1.tgz",
      "integrity": "sha1-1L44955H88GEDPoZ5EKvm4a+w/U="
    },
    "concat-map": {
      "version": "https://registry.npm.taobao.org/concat-map/download/concat-map-0.0.1.tgz",
      "integrity": "sha1-2Klr13/Wjfd5OnMDajug1UBdR3s="
    },
    "content": {
      "version": "http://r.cnpmjs.org/content/download/content-3.0.4.tgz",
      "integrity": "sha1-yj3eBEgPElGbcVJuxEvUiN37P+8="
    },
    "core-util-is": {
      "version": "https://registry.npmjs.org/core-util-is/-/core-util-is-1.0.2.tgz",
      "integrity": "sha1-tf1UIgqivFq1eqtxQMlAdUUDwac="
    },
    "cryptiles": {
      "version": "http://r.cnpmjs.org/cryptiles/download/cryptiles-3.1.2.tgz",
      "integrity": "sha1-qJ+7Ig9c4l7FboxKqKT9e1sNKf4="
    },
    "debug": {
      "version": "http://r.cnpmjs.org/debug/download/debug-2.6.8.tgz",
      "integrity": "sha1-5zFTHKLt4n0YgiJCfaF4IdaP9Pw="
    },
    "decamelize": {
      "version": "https://registry.npmjs.org/decamelize/-/decamelize-1.2.0.tgz",
      "integrity": "sha1-9lNNFRSCabIDUue+4m9QH5oZEpA="
    },
    "duplexify": {
      "version": "https://registry.npmjs.org/duplexify/-/duplexify-3.5.0.tgz",
      "integrity": "sha1-GqdzAC4VeEV+nZ1KULDMquvL1gQ="
    },
    "end-of-stream": {
      "version": "https://registry.npmjs.org/end-of-stream/-/end-of-stream-1.0.0.tgz",
      "integrity": "sha1-1FlucCc0qT5A6a+GQxnqvZn/Lw4=",
      "dependencies": {
        "once": {
          "version": "https://registry.npmjs.org/once/-/once-1.3.3.tgz",
          "integrity": "sha1-suJhVXzkwxTsgwTz+oJmPkKXyiA="
        }
      }
    },
    "es6-promise": {
      "version": "https://registry.npmjs.org/es6-promise/-/es6-promise-3.2.1.tgz",
      "integrity": "sha1-7FYjOGgDKQkgcXDDlEjiREndH8Q="
    },
    "fast-safe-stringify": {
      "version": "http://r.cnpmjs.org/fast-safe-stringify/download/fast-safe-stringify-1.1.13.tgz",
      "integrity": "sha1-oB6c2cnkkXFcmKdaQtXwu9EH/3Y="
    },
    "follow-redirects": {
      "version": "1.2.4",
      "resolved": "http://r.cnpmjs.org/follow-redirects/download/follow-redirects-1.2.4.tgz",
      "integrity": "sha1-NV6PTRaHa0P1d7DVziZouXIyFOo="
    },
    "fs.realpath": {
      "version": "https://registry.npmjs.org/fs.realpath/-/fs.realpath-1.0.0.tgz",
      "integrity": "sha1-FQStJSMVjKpA20onh8sBQRmU6k8="
    },
    "glob": {
      "version": "http://r.cnpmjs.org/glob/download/glob-7.1.2.tgz",
      "integrity": "sha1-wZyd+aAocC1nhhI4SmVSQExjbRU="
    },
    "good": {
      "version": "http://r.cnpmjs.org/good/download/good-7.2.0.tgz",
      "integrity": "sha1-yU2qRL+5Y4jyj2zorIv9Rowt9wQ="
    },
    "good-console": {
      "version": "https://registry.npmjs.org/good-console/-/good-console-6.4.0.tgz",
      "integrity": "sha1-cpTJ2QxMnwWaCC4YBiVJWWbSulk=",
      "dependencies": {
        "joi": {
          "version": "https://registry.npmjs.org/joi/-/joi-8.1.1.tgz",
          "integrity": "sha1-LYtSpdkJ0hftRySFd+7+ixeY9I8="
        },
        "moment": {
          "version": "https://registry.npmjs.org/moment/-/moment-2.15.2.tgz",
          "integrity": "sha1-G/3t9qbjRfMi/pVtXfW9CKjOhNw="
        }
      }
    },
    "good-squeeze": {
      "version": "http://r.cnpmjs.org/good-squeeze/download/good-squeeze-5.0.2.tgz",
      "integrity": "sha1-qOWCQrSgsyzb3zF7YOc6Gafwh5s="
    },
    "hapi": {
      "version": "http://r.cnpmjs.org/hapi/download/hapi-16.4.3.tgz",
      "integrity": "sha1-vk2q8tzb7peVfOUDBhsJdlB4qgU="
    },
    "heavy": {
      "version": "http://r.cnpmjs.org/heavy/download/heavy-4.0.4.tgz",
      "integrity": "sha1-NskTNsAMz+hSyqTRUwhjNc0vAOk="
    },
    "hoek": {
      "version": "https://registry.npmjs.org/hoek/-/hoek-4.1.1.tgz",
      "integrity": "sha1-nMVz/7ore0CPtenCoTeWvpTN3Ok="
    },
    "hooks-fixed": {
      "version": "http://r.cnpmjs.org/hooks-fixed/download/hooks-fixed-2.0.0.tgz",
      "integrity": "sha1-oB2JTVKsf2WZu7H2PfycQR33DLo="
    },
    "inert": {
      "version": "https://registry.npmjs.org/inert/-/inert-4.2.0.tgz",
      "integrity": "sha1-aqXajOGZgutyqr70vdpk/WdQsAU=",
      "dependencies": {
        "boom": {
          "version": "https://registry.npmjs.org/boom/-/boom-4.3.1.tgz",
          "integrity": "sha1-T4owBctKfjiJ90kDD9JbluAdLjE="
        }
      }
    },
    "inflight": {
      "version": "https://registry.npmjs.org/inflight/-/inflight-1.0.6.tgz",
      "integrity": "sha1-Sb1jMdfQLQwJvJEKEHW6gWW1bfk="
    },
    "inherits": {
      "version": "https://registry.npmjs.org/inherits/-/inherits-2.0.3.tgz",
      "integrity": "sha1-Yzwsg+PaQqUC9SRmAiSA9CCCYd4="
    },
    "iron": {
      "version": "http://r.cnpmjs.org/iron/download/iron-4.0.5.tgz",
      "integrity": "sha1-TwQszri5c480a1mqc0yDqJvDFCg="
    },
    "is-buffer": {
      "version": "1.1.5",
      "resolved": "http://r.cnpmjs.org/is-buffer/download/is-buffer-1.1.5.tgz",
      "integrity": "sha1-Hzsm72E7IUuIy8ojzGwB2Hlh7sw="
    },
    "isarray": {
      "version": "https://registry.npm.taobao.org/isarray/download/isarray-1.0.0.tgz",
      "integrity": "sha1-u5NdSFgsuhaMBoNJV6VKPgcSTxE="
    },
    "isemail": {
      "version": "https://registry.npmjs.org/isemail/-/isemail-2.2.1.tgz",
      "integrity": "sha1-A1PT2aYpUQgMJiwqoKQrjqjp4qY="
    },
    "items": {
      "version": "https://registry.npmjs.org/items/-/items-2.1.1.tgz",
      "integrity": "sha1-i9FtnIOxlSneWuoyGsqtp4NkoZg="
    },
    "joi": {
      "version": "https://registry.npmjs.org/joi/-/joi-10.6.0.tgz",
      "integrity": "sha1-Ulh/AtUri3XNsMdPCxZKGRoOH8I="
    },
    "json-stringify-safe": {
      "version": "https://registry.npm.taobao.org/json-stringify-safe/download/json-stringify-safe-5.0.1.tgz",
      "integrity": "sha1-Epai1Y/UXxmg9s4B1lcB4sc1tus="
    },
    "kareem": {
      "version": "http://r.cnpmjs.org/kareem/download/kareem-1.4.1.tgz",
      "integrity": "sha1-7XYgAET6BB7zK02oJh4lU/EXNTE="
    },
    "lodash": {
      "version": "https://registry.npmjs.org/lodash/-/lodash-4.17.4.tgz",
      "integrity": "sha1-eCA6TRwyiuHYbcpkYONptX9AVa4="
    },
    "lru-cache": {
      "version": "https://registry.npmjs.org/lru-cache/-/lru-cache-4.0.2.tgz",
      "integrity": "sha1-HRdnnAac2l0ECZGgnbwsDbN35V4="
    },
    "mime-db": {
      "version": "http://r.cnpmjs.org/mime-db/download/mime-db-1.28.0.tgz",
      "integrity": "sha1-/t00m+BtKGW3/FfYN8beTxfXrDw="
    },
    "mimos": {
      "version": "https://registry.npmjs.org/mimos/-/mimos-3.0.3.tgz",
      "integrity": "sha1-uRCQcq03jCty9qAQHEPd+ys2ZB8="
    },
    "minimatch": {
      "version": "http://r.cnpmjs.org/minimatch/download/minimatch-3.0.4.tgz",
      "integrity": "sha1-UWbihkV/AzBgZL5Ul+jbsMPTIIM="
    },
    "minimist": {
      "version": "https://registry.npmjs.org/minimist/-/minimist-0.0.10.tgz",
      "integrity": "sha1-3j+YVD2/lggr5IrRoMfNqDYwHc8="
    },
    "moment": {
      "version": "https://registry.npmjs.org/moment/-/moment-2.18.1.tgz",
      "integrity": "sha1-w2GT3Tzhwu7SrbfIAtu8d6gbHA8="
    },
    "mongodb": {
      "version": "https://registry.npmjs.org/mongodb/-/mongodb-2.2.28.tgz",
      "integrity": "sha1-2P9FdUNm4Dlz+iWb9PEUR4WNplc="
    },
    "mongodb-core": {
      "version": "https://registry.npmjs.org/mongodb-core/-/mongodb-core-2.1.12.tgz",
      "integrity": "sha1-FTEZJRG8Fu8WCsauDMRndv/YRR0="
    },
    "mongoose": {
      "version": "https://registry.npm.taobao.org/mongoose/download/mongoose-4.10.6.tgz",
      "integrity": "sha1-zFfa2Mi5FFy9LKVpalCBqVno/Ng=",
      "dependencies": {
        "async": {
          "version": "https://registry.npmjs.org/async/-/async-2.1.4.tgz",
          "integrity": "sha1-LSFgx3iAMuTdbL4lAvH5osj2zeQ="
        },
        "mongodb": {
          "version": "http://r.cnpmjs.org/mongodb/download/mongodb-2.2.27.tgz",
          "integrity": "sha1-NBIgNNtm2YO89qta2yaiSnD+9uY="
        },
        "mongodb-core": {
          "version": "http://r.cnpmjs.org/mongodb-core/download/mongodb-core-2.1.11.tgz",
          "integrity": "sha1-HDh3bOsXSZepnCiGDu2QKNqbPho="
        }
      }
    },
    "mpath": {
      "version": "http://r.cnpmjs.org/mpath/download/mpath-0.3.0.tgz",
      "integrity": "sha1-elj3iem1/TyUUgY0FXlg8mvV70Q="
    },
    "mpromise": {
      "version": "https://registry.npmjs.org/mpromise/-/mpromise-0.5.5.tgz",
      "integrity": "sha1-9bJCWddjrMIlewoMjG2Gb9UXMuY="
    },
    "mquery": {
      "version": "http://r.cnpmjs.org/mquery/download/mquery-2.3.1.tgz",
      "integrity": "sha1-mrNnSXFIAP8LtTpoHOS8TV8HyHs=",
      "dependencies": {
        "bluebird": {
          "version": "https://registry.npmjs.org/bluebird/-/bluebird-2.10.2.tgz",
          "integrity": "sha1-AkpVFylTCIV/FPkfEQb8O1VfRGs="
        },
        "sliced": {
          "version": "https://registry.npmjs.org/sliced/-/sliced-0.0.5.tgz",
          "integrity": "sha1-XtwETKTrb3gW1Qui/GPiXY/kcH8="
        }
      }
    },
    "ms": {
      "version": "http://r.cnpmjs.org/ms/download/ms-2.0.0.tgz",
      "integrity": "sha1-VgiurfwAvmwpAd9fmGF4jeDVl8g="
    },
    "muri": {
      "version": "https://registry.npmjs.org/muri/-/muri-1.2.1.tgz",
      "integrity": "sha1-7H6lzmympSPrGrNbrNpfqBbJqjw="
    },
    "nigel": {
      "version": "https://registry.npmjs.org/nigel/-/nigel-2.0.2.tgz",
      "integrity": "sha1-k6GGb7DFLYc5CqdeKxYfS1x15bE="
    },
    "once": {
      "version": "https://registry.npmjs.org/once/-/once-1.4.0.tgz",
      "integrity": "sha1-WDsap3WWHUsROsF9nFC6753Xa9E="
    },
    "oppsy": {
      "version": "https://registry.npmjs.org/oppsy/-/oppsy-1.0.2.tgz",
      "integrity": "sha1-mAFM1pZ2U6g8//pVQibckAULqtQ="
    },
    "optimist": {
      "version": "https://registry.npmjs.org/optimist/-/optimist-0.6.1.tgz",
      "integrity": "sha1-2j6nRob6IaGaERwybpDrFaAZZoY="
    },
    "path-is-absolute": {
      "version": "https://registry.npmjs.org/path-is-absolute/-/path-is-absolute-1.0.1.tgz",
      "integrity": "sha1-F0uSaHNVNP+8es5r9TpanhtcX18="
    },
    "pez": {
      "version": "http://r.cnpmjs.org/pez/download/pez-2.1.5.tgz",
      "integrity": "sha1-XsLMYlAMw+tCNtSkFM9aF7XrUAc="
    },
    "podium": {
      "version": "https://registry.npmjs.org/podium/-/podium-1.2.5.tgz",
      "integrity": "sha1-h8VmwvA2W88KHsdgLE0BlIzdKtU="
    },
    "process-nextick-args": {
      "version": "https://registry.npm.taobao.org/process-nextick-args/download/process-nextick-args-1.0.7.tgz",
      "integrity": "sha1-FQ4gt1ZZCtP5EJPyWk8q2L/zC6M="
    },
    "pseudomap": {
      "version": "https://registry.npmjs.org/pseudomap/-/pseudomap-1.0.2.tgz",
      "integrity": "sha1-8FKijacOYYkX7wqKw0wa5aaChrM="
    },
    "pump": {
      "version": "https://registry.npmjs.org/pump/-/pump-1.0.2.tgz",
      "integrity": "sha1-Oz7mUS+U8OV1U4wXmV+fFpkKXVE=",
      "dependencies": {
        "end-of-stream": {
          "version": "http://r.cnpmjs.org/end-of-stream/download/end-of-stream-1.4.0.tgz",
          "integrity": "sha1-epDYM+/abPpurA9JSduw+tOmMgY="
        }
      }
    },
    "pumpify": {
      "version": "https://registry.npmjs.org/pumpify/-/pumpify-1.3.5.tgz",
      "integrity": "sha1-G2ccYZlAq8rqwK0OOjwWS+dgmTs="
    },
    "readable-stream": {
      "version": "http://r.cnpmjs.org/readable-stream/download/readable-stream-2.2.7.tgz",
      "integrity": "sha1-BwV6y+JGeyIELTb5jFrVBwVOlbE="
    },
    "regexp-clone": {
      "version": "https://registry.npmjs.org/regexp-clone/-/regexp-clone-0.0.1.tgz",
      "integrity": "sha1-p8LgmJH9vzj7sQ03b7cwA+aKxYk="
    },
    "require_optional": {
      "version": "https://registry.npm.taobao.org/require_optional/download/require_optional-1.0.1.tgz",
      "integrity": "sha1-TPNaQkf2TKPfjC7yCMxJSxyo/C4="
    },
    "resolve-from": {
      "version": "https://registry.npmjs.org/resolve-from/-/resolve-from-2.0.0.tgz",
      "integrity": "sha1-lICrIOlP+h2egKgEx+oUdhGWa1c="
    },
    "safe-buffer": {
      "version": "https://registry.npm.taobao.org/safe-buffer/download/safe-buffer-5.0.1.tgz",
      "integrity": "sha1-0mPKVGls2KMGtcplUekt5XkY++c="
    },
    "semver": {
      "version": "https://registry.npm.taobao.org/semver/download/semver-5.3.0.tgz",
      "integrity": "sha1-myzl094C0XxgEq0yaqa00M9U+U8="
    },
    "shot": {
      "version": "http://r.cnpmjs.org/shot/download/shot-3.4.2.tgz",
      "integrity": "sha1-Hlw/bysmZJrcQvfrNQIUpaApHWc="
    },
    "sliced": {
      "version": "https://registry.npmjs.org/sliced/-/sliced-1.0.1.tgz",
      "integrity": "sha1-CzpmK10Ewxd7GSa+qCsD+Dei70E="
    },
    "source-map": {
      "version": "https://registry.npmjs.org/source-map/-/source-map-0.1.34.tgz",
      "integrity": "sha1-p8/omux7FoLDsZjQrPtH19CQVms="
    },
    "statehood": {
      "version": "http://r.cnpmjs.org/statehood/download/statehood-5.0.2.tgz",
      "integrity": "sha1-xrO6oW7YsSHT8Jo/+oXiIZWn8qk="
    },
    "stream-shift": {
      "version": "https://registry.npmjs.org/stream-shift/-/stream-shift-1.0.0.tgz",
      "integrity": "sha1-1cdSgl5TZ+eG944Y5EXqIjoVWVI="
    },
    "string_decoder": {
      "version": "http://r.cnpmjs.org/string_decoder/download/string_decoder-1.0.2.tgz",
      "integrity": "sha1-sp4fThEl+pehA4K4pTNze3SR4Xk="
    },
    "subtext": {
      "version": "http://r.cnpmjs.org/subtext/download/subtext-4.4.1.tgz",
      "integrity": "sha1-L87JRd5CkoPD0YsVH/D6HxuHrsk="
    },
    "swig": {
      "version": "https://registry.npmjs.org/swig/-/swig-1.4.2.tgz",
      "integrity": "sha1-QIXKBFM2kQS11IPihBs5t64aq6U="
    },
    "topo": {
      "version": "https://registry.npmjs.org/topo/-/topo-2.0.2.tgz",
      "integrity": "sha1-zVYVdSU5BXwNwEkaYhw7xvvh0YI="
    },
    "uglify-js": {
      "version": "https://registry.npmjs.org/uglify-js/-/uglify-js-2.4.24.tgz",
      "integrity": "sha1-+tV1XB4Vd2WLsG/5q25UjJW+vW4=",
      "dependencies": {
        "async": {
          "version": "https://registry.npmjs.org/async/-/async-0.2.10.tgz",
          "integrity": "sha1-trvgsGdLnXGXCMo43owjfLUmw9E="
        }
      }
    },
    "uglify-to-browserify": {
      "version": "https://registry.npmjs.org/uglify-to-browserify/-/uglify-to-browserify-1.0.2.tgz",
      "integrity": "sha1-bgkk1r2mta/jSeOabWMoUKD4grc="
    },
    "util-deprecate": {
      "version": "https://registry.npmjs.org/util-deprecate/-/util-deprecate-1.0.2.tgz",
      "integrity": "sha1-RQ1Nyfpw3nMnYvvS1KKJgUGaDM8="
    },
    "uuid": {
      "version": "3.1.0",
      "resolved": "http://r.cnpmjs.org/uuid/download/uuid-3.1.0.tgz",
      "integrity": "sha1-PdPT55Crwk17DToDT/q6vijrvAQ="
    },
    "vise": {
      "version": "https://registry.npmjs.org/vise/-/vise-2.0.2.tgz",
      "integrity": "sha1-awjo+0y3bjpQzW3Q7DczjoEaDTk="
    },
    "vision": {
      "version": "https://registry.npmjs.org/vision/-/vision-4.1.1.tgz",
      "integrity": "sha1-4bYSstLi8gMQoDkpD9SdUSSPgto=",
      "dependencies": {
        "boom": {
          "version": "https://registry.npmjs.org/boom/-/boom-4.3.1.tgz",
          "integrity": "sha1-T4owBctKfjiJ90kDD9JbluAdLjE="
        }
      }
    },
    "window-size": {
      "version": "https://registry.npmjs.org/window-size/-/window-size-0.1.0.tgz",
      "integrity": "sha1-VDjNLqk7IC76Ohn+iIeu58lPnJ0="
    },
    "wordwrap": {
      "version": "https://registry.npmjs.org/wordwrap/-/wordwrap-0.0.3.tgz",
      "integrity": "sha1-o9XabNXAvAAI03I0u68b7WMFkQc="
    },
    "wrappy": {
      "version": "https://registry.npmjs.org/wrappy/-/wrappy-1.0.2.tgz",
      "integrity": "sha1-tSQ9jz7BqjXxNkYFvA0QNuMKtp8="
    },
    "wreck": {
      "version": "http://r.cnpmjs.org/wreck/download/wreck-12.2.2.tgz",
      "integrity": "sha1-4hgj00w21nIATu+jR66MT2BQ49s="
    },
    "yallist": {
      "version": "https://registry.npmjs.org/yallist/-/yallist-2.1.2.tgz",
      "integrity": "sha1-HBH5IY8HYImkfdUS+TxmmaaoHVI="
    },
    "yar": {
      "version": "8.1.2",
      "resolved": "http://r.cnpmjs.org/yar/download/yar-8.1.2.tgz",
      "integrity": "sha1-MCkSwuAdDzvhvz/ztdPR4hVTBwA="
    },
    "yargs": {
      "version": "https://registry.npmjs.org/yargs/-/yargs-3.5.4.tgz",
      "integrity": "sha1-2K/49mXpTDS9JZvevRv68N3TU2E=",
      "dependencies": {
        "wordwrap": {
          "version": "https://registry.npmjs.org/wordwrap/-/wordwrap-0.0.2.tgz",
          "integrity": "sha1-t5Zpu0LstAn4PVg8rVLKF+qhZD8="
        }
      }
    }
  }
}
